
Microsoft Visual Studio Solution File, Format Version 12.00
# Visual Studio Version 17
VisualStudioVersion = 17.2.32630.192
MinimumVisualStudioVersion = 10.0.40219.1
Project("{FAE04EC0-301F-11D3-BF4B-00C04F79EFBC}") = "PablicTempApp", "PablicTempApp\PablicTempApp.csproj", "{BBFAD31C-84C7-47FB-B05D-AAC4BAED5406}"
EndProject
Global
	GlobalSection(SolutionConfigurationPlatforms) = preSolution
		Debug|Any CPU = Debug|Any CPU
		Release|Any CPU = Release|Any CPU
	EndGlobalSection
	GlobalSection(ProjectConfigurationPlatforms) = postSolution
		{BBFAD31C-84C7-47FB-B05D-AAC4BAED5406}.Debug|Any CPU.ActiveCfg = Debug|Any CPU
		{BBFAD31C-84C7-47FB-B05D-AAC4BAED5406}.Debug|Any CPU.Build.0 = Debug|Any CPU
		{BBFAD31C-84C7-47FB-B05D-AAC4BAED5406}.Release|Any CPU.ActiveCfg = Release|Any CPU
		{BBFAD31C-84C7-47FB-B05D-AAC4BAED5406}.Release|Any CPU.Build.0 = Release|Any CPU
	EndGlobalSection
	GlobalSection(SolutionProperties) = preSolution
		HideSolutionNode = FALSE
	EndGlobalSection
	GlobalSection(ExtensibilityGlobals) = postSolution
		SolutionGuid = {137F3C2F-8839-48C3-968D-FF1BFDD62494}
	EndGlobalSection
EndGlobal
